{
  "version": 4,
  "terraform_version": "1.0.6",
  "serial": 56,
  "lineage": "c201a792-5924-50f6-a3ba-73b7e0c9705d",
  "outputs": {
    "ssh_connection_ec2_one": {
      "value": "ssh -i my-key.pem ec2-user@3.92.208.18",
      "type": "string"
    }
  },
  "resources": [
    {
      "mode": "data",
      "type": "aws_caller_identity",
      "name": "current",
      "provider": "provider[\"registry.terraform.io/hashicorp/aws\"]",
      "instances": [
        {
          "schema_version": 0,
          "attributes": {
            "account_id": "469204214656",
            "arn": "arn:aws:iam::469204214656:user/iamadmin",
            "id": "469204214656",
            "user_id": "AIDAW2PWAEOAP427GYAH5"
          },
          "sensitive_attributes": []
        }
      ]
    },
    {
      "mode": "managed",
      "type": "aws_alb",
      "name": "MyALB",
      "provider": "provider[\"registry.terraform.io/hashicorp/aws\"]",
      "instances": [
        {
          "schema_version": 0,
          "attributes": {
            "access_logs": [
              {
                "bucket": "",
                "enabled": false,
                "prefix": ""
              }
            ],
            "arn": "arn:aws:elasticloadbalancing:us-east-1:469204214656:loadbalancer/app/MyALB/3564b4ad4c6d3ecf",
            "arn_suffix": "app/MyALB/3564b4ad4c6d3ecf",
            "customer_owned_ipv4_pool": "",
            "dns_name": "MyALB-286914489.us-east-1.elb.amazonaws.com",
            "drop_invalid_header_fields": false,
            "enable_cross_zone_load_balancing": null,
            "enable_deletion_protection": false,
            "enable_http2": true,
            "id": "arn:aws:elasticloadbalancing:us-east-1:469204214656:loadbalancer/app/MyALB/3564b4ad4c6d3ecf",
            "idle_timeout": 60,
            "internal": false,
            "ip_address_type": "ipv4",
            "load_balancer_type": "application",
            "name": "MyALB",
            "name_prefix": null,
            "security_groups": [
              "sg-075f2d616035d4edb"
            ],
            "subnet_mapping": [
              {
                "allocation_id": "",
                "ipv6_address": "",
                "outpost_id": "",
                "private_ipv4_address": "",
                "subnet_id": "subnet-092e297d5b887bbb0"
              },
              {
                "allocation_id": "",
                "ipv6_address": "",
                "outpost_id": "",
                "private_ipv4_address": "",
                "subnet_id": "subnet-09568d98cd83ab071"
              },
              {
                "allocation_id": "",
                "ipv6_address": "",
                "outpost_id": "",
                "private_ipv4_address": "",
                "subnet_id": "subnet-096838212b6918185"
              }
            ],
            "subnets": [
              "subnet-092e297d5b887bbb0",
              "subnet-09568d98cd83ab071",
              "subnet-096838212b6918185"
            ],
            "tags": null,
            "tags_all": {},
            "timeouts": null,
            "vpc_id": "vpc-0ee2411591be6bcd8",
            "zone_id": "Z35SXDOTRQ7X7K"
          },
          "sensitive_attributes": [],
          "private": "eyJlMmJmYjczMC1lY2FhLTExZTYtOGY4OC0zNDM2M2JjN2M0YzAiOnsiY3JlYXRlIjo2MDAwMDAwMDAwMDAsImRlbGV0ZSI6NjAwMDAwMDAwMDAwLCJ1cGRhdGUiOjYwMDAwMDAwMDAwMH19",
          "dependencies": [
            "aws_security_group.allow_any-my_vpc_two",
            "aws_subnet.subnet_2_two_private",
            "aws_subnet.subnet_two_private",
            "aws_subnet.subnet_two_public",
            "aws_vpc.vpc_two"
          ]
        }
      ]
    },
    {
      "mode": "managed",
      "type": "aws_alb_listener",
      "name": "nginx",
      "provider": "provider[\"registry.terraform.io/hashicorp/aws\"]",
      "instances": [
        {
          "schema_version": 0,
          "attributes": {
            "alpn_policy": null,
            "arn": "arn:aws:elasticloadbalancing:us-east-1:469204214656:listener/app/MyALB/3564b4ad4c6d3ecf/d330fe418f5c96f5",
            "certificate_arn": null,
            "default_action": [
              {
                "authenticate_cognito": [],
                "authenticate_oidc": [],
                "fixed_response": [],
                "forward": [],
                "order": 1,
                "redirect": [],
                "target_group_arn": "arn:aws:elasticloadbalancing:us-east-1:469204214656:targetgroup/AlbTargetGroup/dbe9349124eca055",
                "type": "forward"
              }
            ],
            "id": "arn:aws:elasticloadbalancing:us-east-1:469204214656:listener/app/MyALB/3564b4ad4c6d3ecf/d330fe418f5c96f5",
            "load_balancer_arn": "arn:aws:elasticloadbalancing:us-east-1:469204214656:loadbalancer/app/MyALB/3564b4ad4c6d3ecf",
            "port": 80,
            "protocol": "HTTP",
            "ssl_policy": "",
            "tags": null,
            "tags_all": {},
            "timeouts": null
          },
          "sensitive_attributes": [],
          "private": "eyJlMmJmYjczMC1lY2FhLTExZTYtOGY4OC0zNDM2M2JjN2M0YzAiOnsicmVhZCI6NjAwMDAwMDAwMDAwfX0=",
          "dependencies": [
            "aws_alb.MyALB",
            "aws_alb_target_group.instance-target-group",
            "aws_security_group.allow_any-my_vpc_two",
            "aws_subnet.subnet_2_two_private",
            "aws_subnet.subnet_two_private",
            "aws_subnet.subnet_two_public",
            "aws_vpc.vpc_two"
          ]
        }
      ]
    },
    {
      "mode": "managed",
      "type": "aws_alb_target_group",
      "name": "instance-target-group",
      "provider": "provider[\"registry.terraform.io/hashicorp/aws\"]",
      "instances": [
        {
          "schema_version": 0,
          "attributes": {
            "arn": "arn:aws:elasticloadbalancing:us-east-1:469204214656:targetgroup/AlbTargetGroup/dbe9349124eca055",
            "arn_suffix": "targetgroup/AlbTargetGroup/dbe9349124eca055",
            "deregistration_delay": 300,
            "health_check": [
              {
                "enabled": true,
                "healthy_threshold": 5,
                "interval": 30,
                "matcher": "200",
                "path": "/",
                "port": "traffic-port",
                "protocol": "HTTP",
                "timeout": 5,
                "unhealthy_threshold": 2
              }
            ],
            "id": "arn:aws:elasticloadbalancing:us-east-1:469204214656:targetgroup/AlbTargetGroup/dbe9349124eca055",
            "lambda_multi_value_headers_enabled": false,
            "load_balancing_algorithm_type": "round_robin",
            "name": "AlbTargetGroup",
            "name_prefix": null,
            "port": 8888,
            "preserve_client_ip": null,
            "protocol": "HTTP",
            "protocol_version": "HTTP1",
            "proxy_protocol_v2": false,
            "slow_start": 0,
            "stickiness": [
              {
                "cookie_duration": 86400,
                "cookie_name": "",
                "enabled": false,
                "type": "lb_cookie"
              }
            ],
            "tags": null,
            "tags_all": {},
            "target_type": "instance",
            "vpc_id": "vpc-0ee2411591be6bcd8"
          },
          "sensitive_attributes": [],
          "private": "bnVsbA==",
          "dependencies": [
            "aws_vpc.vpc_two"
          ]
        }
      ]
    },
    {
      "mode": "managed",
      "type": "aws_autoscaling_attachment",
      "name": "asg_attachment_bar",
      "provider": "provider[\"registry.terraform.io/hashicorp/aws\"]",
      "instances": [
        {
          "schema_version": 0,
          "attributes": {
            "alb_target_group_arn": "arn:aws:elasticloadbalancing:us-east-1:469204214656:targetgroup/AlbTargetGroup/dbe9349124eca055",
            "autoscaling_group_name": "my_asg",
            "elb": null,
            "id": "my_asg-2021092609020972420000000c"
          },
          "sensitive_attributes": [],
          "private": "bnVsbA==",
          "dependencies": [
            "aws_alb_target_group.instance-target-group",
            "aws_autoscaling_group.my_asg",
            "aws_iam_role.ec2_s3",
            "aws_key_pair.key_pair",
            "aws_launch_template.my_teamplate",
            "aws_security_group.rule_for_private_two",
            "aws_subnet.subnet_2_two_private",
            "aws_subnet.subnet_two_private",
            "aws_vpc.vpc_two",
            "aws_vpc_endpoint.s3_for_distrib",
            "tls_private_key.key"
          ]
        }
      ]
    },
    {
      "mode": "managed",
      "type": "aws_autoscaling_group",
      "name": "my_asg",
      "provider": "provider[\"registry.terraform.io/hashicorp/aws\"]",
      "instances": [
        {
          "schema_version": 0,
          "attributes": {
            "arn": "arn:aws:autoscaling:us-east-1:469204214656:autoScalingGroup:ef3b339c-7857-4600-b1b1-bfcb1113c74b:autoScalingGroupName/my_asg",
            "availability_zones": [
              "us-east-1b",
              "us-east-1c"
            ],
            "capacity_rebalance": false,
            "default_cooldown": 20,
            "desired_capacity": 2,
            "enabled_metrics": null,
            "force_delete": false,
            "force_delete_warm_pool": false,
            "health_check_grace_period": 300,
            "health_check_type": "EC2",
            "id": "my_asg",
            "initial_lifecycle_hook": [],
            "instance_refresh": [],
            "launch_configuration": "",
            "launch_template": [
              {
                "id": "lt-007d97277d93be576",
                "name": "my_nginx_teamplate",
                "version": "$Latest"
              }
            ],
            "load_balancers": null,
            "max_instance_lifetime": 0,
            "max_size": 6,
            "metrics_granularity": "1Minute",
            "min_elb_capacity": null,
            "min_size": 2,
            "mixed_instances_policy": [],
            "name": "my_asg",
            "name_prefix": "",
            "placement_group": "",
            "protect_from_scale_in": false,
            "service_linked_role_arn": "arn:aws:iam::469204214656:role/aws-service-role/autoscaling.amazonaws.com/AWSServiceRoleForAutoScaling",
            "suspended_processes": null,
            "tag": [],
            "tags": null,
            "target_group_arns": [
              "arn:aws:elasticloadbalancing:us-east-1:469204214656:targetgroup/AlbTargetGroup/dbe9349124eca055"
            ],
            "termination_policies": null,
            "timeouts": null,
            "vpc_zone_identifier": [
              "subnet-092e297d5b887bbb0",
              "subnet-09568d98cd83ab071"
            ],
            "wait_for_capacity_timeout": "10m",
            "wait_for_elb_capacity": null,
            "warm_pool": []
          },
          "sensitive_attributes": [],
          "private": "eyJlMmJmYjczMC1lY2FhLTExZTYtOGY4OC0zNDM2M2JjN2M0YzAiOnsiZGVsZXRlIjo2MDAwMDAwMDAwMDB9fQ==",
          "dependencies": [
            "aws_alb_target_group.instance-target-group",
            "aws_iam_role.ec2_s3",
            "aws_key_pair.key_pair",
            "aws_launch_template.my_teamplate",
            "aws_security_group.rule_for_private_two",
            "aws_subnet.subnet_2_two_private",
            "aws_subnet.subnet_two_private",
            "aws_vpc.vpc_two",
            "aws_vpc_endpoint.s3_for_distrib",
            "tls_private_key.key"
          ]
        }
      ]
    },
    {
      "mode": "managed",
      "type": "aws_autoscaling_policy",
      "name": "my_policy_cpu",
      "provider": "provider[\"registry.terraform.io/hashicorp/aws\"]",
      "instances": [
        {
          "schema_version": 0,
          "attributes": {
            "adjustment_type": "",
            "arn": "arn:aws:autoscaling:us-east-1:469204214656:scalingPolicy:58e1a573-033d-445a-a62d-ef7b0ffdab91:autoScalingGroupName/my_asg:policyName/my_policy_cpu",
            "autoscaling_group_name": "my_asg",
            "cooldown": 0,
            "estimated_instance_warmup": 10,
            "id": "my_policy_cpu",
            "metric_aggregation_type": "",
            "min_adjustment_magnitude": null,
            "name": "my_policy_cpu",
            "policy_type": "TargetTrackingScaling",
            "predictive_scaling_configuration": [],
            "scaling_adjustment": 0,
            "step_adjustment": [],
            "target_tracking_configuration": [
              {
                "customized_metric_specification": [],
                "disable_scale_in": false,
                "predefined_metric_specification": [
                  {
                    "predefined_metric_type": "ASGAverageCPUUtilization",
                    "resource_label": ""
                  }
                ],
                "target_value": 50
              }
            ]
          },
          "sensitive_attributes": [],
          "private": "bnVsbA==",
          "dependencies": [
            "aws_alb_target_group.instance-target-group",
            "aws_autoscaling_group.my_asg",
            "aws_iam_role.ec2_s3",
            "aws_key_pair.key_pair",
            "aws_launch_template.my_teamplate",
            "aws_security_group.rule_for_private_two",
            "aws_subnet.subnet_2_two_private",
            "aws_subnet.subnet_two_private",
            "aws_vpc.vpc_two",
            "aws_vpc_endpoint.s3_for_distrib",
            "tls_private_key.key"
          ]
        }
      ]
    },
    {
      "mode": "managed",
      "type": "aws_cloudwatch_event_rule",
      "name": "rule_for_lambda_dns",
      "provider": "provider[\"registry.terraform.io/hashicorp/aws\"]",
      "instances": [
        {
          "schema_version": 0,
          "attributes": {
            "arn": "arn:aws:events:us-east-1:469204214656:rule/rule_for_lambda_dns",
            "description": "",
            "event_bus_name": "default",
            "event_pattern": "{\"detail-type\":[\"EC2 Instance Launch Successful\",\"EC2 Instance Terminate Successful\",\"EC2 Instance Launch Unsuccessful\",\"EC2 Instance Terminate Unsuccessful\"],\"source\":[\"aws.autoscaling\"]}",
            "id": "rule_for_lambda_dns",
            "is_enabled": true,
            "name": "rule_for_lambda_dns",
            "name_prefix": "",
            "role_arn": "",
            "schedule_expression": "",
            "tags": null,
            "tags_all": {}
          },
          "sensitive_attributes": [],
          "private": "bnVsbA=="
        }
      ]
    },
    {
      "mode": "managed",
      "type": "aws_cloudwatch_event_rule",
      "name": "rule_for_lambda_ebs_tags",
      "provider": "provider[\"registry.terraform.io/hashicorp/aws\"]",
      "instances": [
        {
          "schema_version": 0,
          "attributes": {
            "arn": "arn:aws:events:us-east-1:469204214656:rule/rule_for_lambda_ebs_tags",
            "description": "",
            "event_bus_name": "default",
            "event_pattern": null,
            "id": "rule_for_lambda_ebs_tags",
            "is_enabled": true,
            "name": "rule_for_lambda_ebs_tags",
            "name_prefix": "",
            "role_arn": "",
            "schedule_expression": "rate(1 day)",
            "tags": null,
            "tags_all": {}
          },
          "sensitive_attributes": [],
          "private": "bnVsbA=="
        }
      ]
    },
    {
      "mode": "managed",
      "type": "aws_cloudwatch_event_target",
      "name": "lambda_dns",
      "provider": "provider[\"registry.terraform.io/hashicorp/aws\"]",
      "instances": [
        {
          "schema_version": 1,
          "attributes": {
            "arn": "arn:aws:lambda:us-east-1:469204214656:function:lambda_dns",
            "batch_target": [],
            "dead_letter_config": [],
            "ecs_target": [],
            "event_bus_name": "default",
            "http_target": [],
            "id": "rule_for_lambda_dns-terraform-2021092609005895560000000b",
            "input": "",
            "input_path": "",
            "input_transformer": [],
            "kinesis_target": [],
            "redshift_target": [],
            "retry_policy": [],
            "role_arn": "",
            "rule": "rule_for_lambda_dns",
            "run_command_targets": [],
            "sqs_target": [],
            "target_id": "terraform-2021092609005895560000000b"
          },
          "sensitive_attributes": [],
          "private": "eyJzY2hlbWFfdmVyc2lvbiI6IjEifQ==",
          "dependencies": [
            "aws_cloudwatch_event_rule.rule_for_lambda_dns",
            "aws_iam_role.iam_for_lambda_dns",
            "aws_lambda_function.lambda_dns"
          ]
        }
      ]
    },
    {
      "mode": "managed",
      "type": "aws_cloudwatch_event_target",
      "name": "lambda_ebs",
      "provider": "provider[\"registry.terraform.io/hashicorp/aws\"]",
      "instances": [
        {
          "schema_version": 1,
          "attributes": {
            "arn": "arn:aws:lambda:us-east-1:469204214656:function:lambda_ebs_tags",
            "batch_target": [],
            "dead_letter_config": [],
            "ecs_target": [],
            "event_bus_name": "default",
            "http_target": [],
            "id": "rule_for_lambda_ebs_tags-terraform-2021092609005132760000000a",
            "input": "",
            "input_path": "",
            "input_transformer": [],
            "kinesis_target": [],
            "redshift_target": [],
            "retry_policy": [],
            "role_arn": "",
            "rule": "rule_for_lambda_ebs_tags",
            "run_command_targets": [],
            "sqs_target": [],
            "target_id": "terraform-2021092609005132760000000a"
          },
          "sensitive_attributes": [],
          "private": "eyJzY2hlbWFfdmVyc2lvbiI6IjEifQ==",
          "dependencies": [
            "aws_cloudwatch_event_rule.rule_for_lambda_ebs_tags",
            "aws_iam_role.iam_for_lambda_ebs_tags",
            "aws_lambda_function.lambda_ebs_tags"
          ]
        }
      ]
    },
    {
      "mode": "managed",
      "type": "aws_iam_instance_profile",
      "name": "ec2_s3",
      "provider": "provider[\"registry.terraform.io/hashicorp/aws\"]",
      "instances": [
        {
          "schema_version": 0,
          "attributes": {
            "arn": "arn:aws:iam::469204214656:instance-profile/ec2_s3",
            "create_date": "2021-09-26T09:00:38Z",
            "id": "ec2_s3",
            "name": "ec2_s3",
            "name_prefix": null,
            "path": "/",
            "role": "ec2_s3",
            "tags": null,
            "tags_all": {},
            "unique_id": "AIPAW2PWAEOAK4PV5T6CN"
          },
          "sensitive_attributes": [],
          "private": "bnVsbA==",
          "dependencies": [
            "aws_iam_role.ec2_s3"
          ]
        }
      ]
    },
    {
      "mode": "managed",
      "type": "aws_iam_policy",
      "name": "deny_whithout_tags",
      "provider": "provider[\"registry.terraform.io/hashicorp/aws\"]",
      "instances": [
        {
          "schema_version": 0,
          "attributes": {
            "arn": "arn:aws:iam::469204214656:policy/deny_whithout_tags",
            "description": "Deny runec2 and ebs volumes whithout tags 'owner, project, environment'",
            "id": "arn:aws:iam::469204214656:policy/deny_whithout_tags",
            "name": "deny_whithout_tags",
            "name_prefix": null,
            "path": "/",
            "policy": "{\"Statement\":[{\"Action\":\"ec2:RunInstances\",\"Condition\":{\"ForAllValues:StringNotEquals\":{\"aws:TagKeys\":[\"owner\",\"project\",\"environment\"]}},\"Effect\":\"Deny\",\"Resource\":[\"arn:aws:ec2:*:469204214656:instance/*\",\"arn:aws:ec2:*:469204214656:volume/*\"],\"Sid\":\"VisualEditor0\"}],\"Version\":\"2012-10-17\"}",
            "policy_id": "ANPAW2PWAEOAPUTEIQDUH",
            "tags": null,
            "tags_all": {}
          },
          "sensitive_attributes": [],
          "private": "bnVsbA=="
        }
      ]
    },
    {
      "mode": "managed",
      "type": "aws_iam_policy",
      "name": "lambda_dns_policy",
      "provider": "provider[\"registry.terraform.io/hashicorp/aws\"]",
      "instances": [
        {
          "schema_version": 0,
          "attributes": {
            "arn": "arn:aws:iam::469204214656:policy/allow_lambda_dns",
            "description": "allow lamda to add/delete records in route53",
            "id": "arn:aws:iam::469204214656:policy/allow_lambda_dns",
            "name": "allow_lambda_dns",
            "name_prefix": null,
            "path": "/",
            "policy": "{\"Statement\":[{\"Action\":[\"ec2:DescribeInstances\",\"route53:GetHostedZone\",\"route53:ListHostedZones\",\"route53:ChangeResourceRecordSets\",\"logs:CreateLogGroup\",\"logs:PutLogEvents\",\"logs:CreateLogStream\",\"autoscaling:DescribeAutoScalingGroups\",\"route53:ListTrafficPolicies\",\"route53:ListResourceRecordSets\"],\"Effect\":\"Allow\",\"Resource\":\"*\",\"Sid\":\"VisualEditor0\"}],\"Version\":\"2012-10-17\"}",
            "policy_id": "ANPAW2PWAEOACA2KRGJMN",
            "tags": null,
            "tags_all": {}
          },
          "sensitive_attributes": [],
          "private": "bnVsbA=="
        }
      ]
    },
    {
      "mode": "managed",
      "type": "aws_iam_policy",
      "name": "lambda_ebs_tags_policy",
      "provider": "provider[\"registry.terraform.io/hashicorp/aws\"]",
      "instances": [
        {
          "schema_version": 0,
          "attributes": {
            "arn": "arn:aws:iam::469204214656:policy/allow_lambda_ebs_tags",
            "description": "allow lamda modify tags at ebs",
            "id": "arn:aws:iam::469204214656:policy/allow_lambda_ebs_tags",
            "name": "allow_lambda_ebs_tags",
            "name_prefix": null,
            "path": "/",
            "policy": "{\"Statement\":[{\"Action\":\"ec2:CreateTags\",\"Effect\":\"Allow\",\"Resource\":\"arn:aws:ec2:*:469204214656:volume/*\",\"Sid\":\"VisualEditor0\"},{\"Action\":[\"ec2:DescribeInstances\",\"ec2:DescribeVolumeStatus\",\"ec2:DescribeVolumes\",\"ec2:DescribeVolumesModifications\",\"ec2:DescribeInstanceStatus\"],\"Effect\":\"Allow\",\"Resource\":\"*\",\"Sid\":\"VisualEditor1\"}],\"Version\":\"2012-10-17\"}",
            "policy_id": "ANPAW2PWAEOABMBWINLS4",
            "tags": null,
            "tags_all": {}
          },
          "sensitive_attributes": [],
          "private": "bnVsbA=="
        }
      ]
    },
    {
      "mode": "managed",
      "type": "aws_iam_role",
      "name": "ec2_s3",
      "provider": "provider[\"registry.terraform.io/hashicorp/aws\"]",
      "instances": [
        {
          "schema_version": 0,
          "attributes": {
            "arn": "arn:aws:iam::469204214656:role/ec2_s3",
            "assume_role_policy": "{\"Version\":\"2012-10-17\",\"Statement\":[{\"Sid\":\"\",\"Effect\":\"Allow\",\"Principal\":{\"Service\":\"ec2.amazonaws.com\"},\"Action\":\"sts:AssumeRole\"}]}",
            "create_date": "2021-09-26T09:00:36Z",
            "description": "",
            "force_detach_policies": false,
            "id": "ec2_s3",
            "inline_policy": [
              {
                "name": "",
                "policy": ""
              }
            ],
            "managed_policy_arns": [],
            "max_session_duration": 3600,
            "name": "ec2_s3",
            "name_prefix": "",
            "path": "/",
            "permissions_boundary": null,
            "tags": {
              "tag-key": "ec2_s3"
            },
            "tags_all": {
              "tag-key": "ec2_s3"
            },
            "unique_id": "AROAW2PWAEOAHRWPT62VP"
          },
          "sensitive_attributes": [],
          "private": "bnVsbA=="
        }
      ]
    },
    {
      "mode": "managed",
      "type": "aws_iam_role",
      "name": "iam_for_lambda_dns",
      "provider": "provider[\"registry.terraform.io/hashicorp/aws\"]",
      "instances": [
        {
          "schema_version": 0,
          "attributes": {
            "arn": "arn:aws:iam::469204214656:role/iam_for_lambda_dns",
            "assume_role_policy": "{\"Version\":\"2012-10-17\",\"Statement\":[{\"Sid\":\"\",\"Effect\":\"Allow\",\"Principal\":{\"Service\":\"lambda.amazonaws.com\"},\"Action\":\"sts:AssumeRole\"}]}",
            "create_date": "2021-09-26T09:00:37Z",
            "description": "",
            "force_detach_policies": false,
            "id": "iam_for_lambda_dns",
            "inline_policy": [
              {
                "name": "",
                "policy": ""
              }
            ],
            "managed_policy_arns": [],
            "max_session_duration": 3600,
            "name": "iam_for_lambda_dns",
            "name_prefix": "",
            "path": "/",
            "permissions_boundary": null,
            "tags": null,
            "tags_all": {},
            "unique_id": "AROAW2PWAEOAFZBMJGCUN"
          },
          "sensitive_attributes": [],
          "private": "bnVsbA=="
        }
      ]
    },
    {
      "mode": "managed",
      "type": "aws_iam_role",
      "name": "iam_for_lambda_ebs_tags",
      "provider": "provider[\"registry.terraform.io/hashicorp/aws\"]",
      "instances": [
        {
          "schema_version": 0,
          "attributes": {
            "arn": "arn:aws:iam::469204214656:role/iam_for_lambda_ebs_tags",
            "assume_role_policy": "{\"Version\":\"2012-10-17\",\"Statement\":[{\"Sid\":\"\",\"Effect\":\"Allow\",\"Principal\":{\"Service\":\"lambda.amazonaws.com\"},\"Action\":\"sts:AssumeRole\"}]}",
            "create_date": "2021-09-26T09:00:36Z",
            "description": "",
            "force_detach_policies": false,
            "id": "iam_for_lambda_ebs_tags",
            "inline_policy": [
              {
                "name": "",
                "policy": ""
              }
            ],
            "managed_policy_arns": [],
            "max_session_duration": 3600,
            "name": "iam_for_lambda_ebs_tags",
            "name_prefix": "",
            "path": "/",
            "permissions_boundary": null,
            "tags": null,
            "tags_all": {},
            "unique_id": "AROAW2PWAEOACTLF4DN4W"
          },
          "sensitive_attributes": [],
          "private": "bnVsbA=="
        }
      ]
    },
    {
      "mode": "managed",
      "type": "aws_iam_role_policy_attachment",
      "name": "ec2_s3",
      "provider": "provider[\"registry.terraform.io/hashicorp/aws\"]",
      "instances": [
        {
          "schema_version": 0,
          "attributes": {
            "id": "ec2_s3-20210926090034568100000004",
            "policy_arn": "arn:aws:iam::aws:policy/AmazonS3FullAccess",
            "role": "ec2_s3"
          },
          "sensitive_attributes": [],
          "private": "bnVsbA==",
          "dependencies": [
            "aws_iam_role.ec2_s3"
          ]
        }
      ]
    },
    {
      "mode": "managed",
      "type": "aws_iam_role_policy_attachment",
      "name": "lambda_dns_policy_attach",
      "provider": "provider[\"registry.terraform.io/hashicorp/aws\"]",
      "instances": [
        {
          "schema_version": 0,
          "attributes": {
            "id": "iam_for_lambda_dns-20210926090035511700000006",
            "policy_arn": "arn:aws:iam::469204214656:policy/allow_lambda_dns",
            "role": "iam_for_lambda_dns"
          },
          "sensitive_attributes": [],
          "private": "bnVsbA==",
          "dependencies": [
            "aws_iam_policy.lambda_dns_policy",
            "aws_iam_role.iam_for_lambda_dns"
          ]
        }
      ]
    },
    {
      "mode": "managed",
      "type": "aws_iam_role_policy_attachment",
      "name": "lambda_dns_policy_standart_attach",
      "provider": "provider[\"registry.terraform.io/hashicorp/aws\"]",
      "instances": [
        {
          "schema_version": 0,
          "attributes": {
            "id": "iam_for_lambda_dns-20210926090035458900000005",
            "policy_arn": "arn:aws:iam::aws:policy/service-role/AWSLambdaBasicExecutionRole",
            "role": "iam_for_lambda_dns"
          },
          "sensitive_attributes": [],
          "private": "bnVsbA==",
          "dependencies": [
            "aws_iam_role.iam_for_lambda_dns"
          ]
        }
      ]
    },
    {
      "mode": "managed",
      "type": "aws_iam_role_policy_attachment",
      "name": "lambda_ebs_tags_policy_attach",
      "provider": "provider[\"registry.terraform.io/hashicorp/aws\"]",
      "instances": [
        {
          "schema_version": 0,
          "attributes": {
            "id": "iam_for_lambda_ebs_tags-20210926090034418600000003",
            "policy_arn": "arn:aws:iam::469204214656:policy/allow_lambda_ebs_tags",
            "role": "iam_for_lambda_ebs_tags"
          },
          "sensitive_attributes": [],
          "private": "bnVsbA==",
          "dependencies": [
            "aws_iam_policy.lambda_ebs_tags_policy",
            "aws_iam_role.iam_for_lambda_ebs_tags"
          ]
        }
      ]
    },
    {
      "mode": "managed",
      "type": "aws_iam_role_policy_attachment",
      "name": "lambda_ebs_tags_policy_standart_attach",
      "provider": "provider[\"registry.terraform.io/hashicorp/aws\"]",
      "instances": [
        {
          "schema_version": 0,
          "attributes": {
            "id": "iam_for_lambda_ebs_tags-20210926090034415900000002",
            "policy_arn": "arn:aws:iam::aws:policy/service-role/AWSLambdaBasicExecutionRole",
            "role": "iam_for_lambda_ebs_tags"
          },
          "sensitive_attributes": [],
          "private": "bnVsbA==",
          "dependencies": [
            "aws_iam_role.iam_for_lambda_ebs_tags"
          ]
        }
      ]
    },
    {
      "mode": "managed",
      "type": "aws_iam_user_policy_attachment",
      "name": "attache_to_user",
      "provider": "provider[\"registry.terraform.io/hashicorp/aws\"]",
      "instances": [
        {
          "schema_version": 0,
          "attributes": {
            "id": "iamadmin-20210926090035766300000007",
            "policy_arn": "arn:aws:iam::469204214656:policy/deny_whithout_tags",
            "user": "iamadmin"
          },
          "sensitive_attributes": [],
          "private": "bnVsbA==",
          "dependencies": [
            "aws_iam_policy.deny_whithout_tags"
          ]
        }
      ]
    },
    {
      "mode": "managed",
      "type": "aws_instance",
      "name": "public_ec2_vpc_one_bastion",
      "provider": "provider[\"registry.terraform.io/hashicorp/aws\"]",
      "instances": [
        {
          "schema_version": 1,
          "attributes": {
            "ami": "ami-087c17d1fe0178315",
            "arn": "arn:aws:ec2:us-east-1:469204214656:instance/i-0da6663efa27376c4",
            "associate_public_ip_address": true,
            "availability_zone": "us-east-1a",
            "capacity_reservation_specification": [
              {
                "capacity_reservation_preference": "open",
                "capacity_reservation_target": []
              }
            ],
            "cpu_core_count": 1,
            "cpu_threads_per_core": 1,
            "credit_specification": [
              {
                "cpu_credits": "standard"
              }
            ],
            "disable_api_termination": false,
            "ebs_block_device": [],
            "ebs_optimized": false,
            "enclave_options": [
              {
                "enabled": false
              }
            ],
            "ephemeral_block_device": [],
            "get_password_data": false,
            "hibernation": false,
            "host_id": null,
            "iam_instance_profile": "",
            "id": "i-0da6663efa27376c4",
            "instance_initiated_shutdown_behavior": "stop",
            "instance_state": "running",
            "instance_type": "t2.micro",
            "ipv6_address_count": 0,
            "ipv6_addresses": [],
            "key_name": "my-key",
            "launch_template": [],
            "metadata_options": [
              {
                "http_endpoint": "enabled",
                "http_put_response_hop_limit": 1,
                "http_tokens": "optional"
              }
            ],
            "monitoring": false,
            "network_interface": [],
            "outpost_arn": "",
            "password_data": "",
            "placement_group": "",
            "primary_network_interface_id": "eni-072bd8c9872fc0c0a",
            "private_dns": "ip-10-10-8-239.ec2.internal",
            "private_ip": "10.10.8.239",
            "public_dns": "",
            "public_ip": "3.92.208.18",
            "root_block_device": [
              {
                "delete_on_termination": true,
                "device_name": "/dev/xvda",
                "encrypted": false,
                "iops": 100,
                "kms_key_id": "",
                "tags": {},
                "throughput": 0,
                "volume_id": "vol-07b82868ac5777e0a",
                "volume_size": 8,
                "volume_type": "gp2"
              }
            ],
            "secondary_private_ips": [],
            "security_groups": [],
            "source_dest_check": true,
            "subnet_id": "subnet-0b3cf4c25cc744275",
            "tags": {
              "Name": "BASTION",
              "environment": "BASTION_ENV",
              "owner": "ME",
              "project": "test"
            },
            "tags_all": {
              "Name": "BASTION",
              "environment": "BASTION_ENV",
              "owner": "ME",
              "project": "test"
            },
            "tenancy": "default",
            "timeouts": null,
            "user_data": "8246cb4fc70f7f315d2687d2cd5b0e7db8619ca9",
            "user_data_base64": null,
            "volume_tags": {
              "environment": "BASTION_ENV",
              "owner": "ME",
              "project": "test"
            },
            "vpc_security_group_ids": [
              "sg-008b1a3796d7d7090"
            ]
          },
          "sensitive_attributes": [],
          "private": "eyJlMmJmYjczMC1lY2FhLTExZTYtOGY4OC0zNDM2M2JjN2M0YzAiOnsiY3JlYXRlIjo2MDAwMDAwMDAwMDAsImRlbGV0ZSI6MTIwMDAwMDAwMDAwMCwidXBkYXRlIjo2MDAwMDAwMDAwMDB9LCJzY2hlbWFfdmVyc2lvbiI6IjEifQ==",
          "dependencies": [
            "aws_key_pair.key_pair",
            "aws_security_group.allow_any-my_vpc_one",
            "aws_subnet.subnet_one_public",
            "aws_vpc.vpc_one",
            "tls_private_key.key"
          ]
        }
      ]
    },
    {
      "mode": "managed",
      "type": "aws_internet_gateway",
      "name": "igw_one",
      "provider": "provider[\"registry.terraform.io/hashicorp/aws\"]",
      "instances": [
        {
          "schema_version": 0,
          "attributes": {
            "arn": "arn:aws:ec2:us-east-1:469204214656:internet-gateway/igw-06a797962e85cdc65",
            "id": "igw-06a797962e85cdc65",
            "owner_id": "469204214656",
            "tags": null,
            "tags_all": {},
            "vpc_id": "vpc-04a40d0266993e905"
          },
          "sensitive_attributes": [],
          "private": "bnVsbA==",
          "dependencies": [
            "aws_vpc.vpc_one"
          ]
        }
      ]
    },
    {
      "mode": "managed",
      "type": "aws_internet_gateway",
      "name": "igw_two",
      "provider": "provider[\"registry.terraform.io/hashicorp/aws\"]",
      "instances": [
        {
          "schema_version": 0,
          "attributes": {
            "arn": "arn:aws:ec2:us-east-1:469204214656:internet-gateway/igw-0507a3aeb482b5371",
            "id": "igw-0507a3aeb482b5371",
            "owner_id": "469204214656",
            "tags": null,
            "tags_all": {},
            "vpc_id": "vpc-0ee2411591be6bcd8"
          },
          "sensitive_attributes": [],
          "private": "bnVsbA==",
          "dependencies": [
            "aws_vpc.vpc_two"
          ]
        }
      ]
    },
    {
      "mode": "managed",
      "type": "aws_key_pair",
      "name": "key_pair",
      "provider": "provider[\"registry.terraform.io/hashicorp/aws\"]",
      "instances": [
        {
          "schema_version": 1,
          "attributes": {
            "arn": "arn:aws:ec2:us-east-1:469204214656:key-pair/my-key",
            "fingerprint": "0f:11:87:0d:3f:ce:b0:d8:c9:df:f5:2f:db:7e:ce:94",
            "id": "my-key",
            "key_name": "my-key",
            "key_name_prefix": null,
            "key_pair_id": "key-05a3f0af0b874d581",
            "public_key": "ssh-rsa AAAAB3NzaC1yc2EAAAADAQABAAABAQDBcanafRkSLHIW+qTBS5icoc1xE9pHf/F0R5f7rdVpP3Uxa9RCx678fCakAAko7bc/qKheHDGZHxk76lj0SuIt6HYo5Vy667sodzIl9NWhxTv1zh+uNoPeScr5lik9Aq/DpEyss3m+8bAPcqQhfpN+cSyU3mEmqcU2hFncfZArbs8jT/YrM+74oRfbHAnKPIAf7zyGoQpv/sDlxdY+6hZmtoEOpB2YITn/rLWt4hyq9rAq9Oe5f5z4iZTtU3ZNPBzsYA24nwycOWCvvMOIKlDETq4x0k3+6VgoU67AQ5tsQt5AKtAYEsRXkET6dgVFYIBJRdIucClH/LE02RqfFzi/",
            "tags": null,
            "tags_all": {}
          },
          "sensitive_attributes": [],
          "private": "eyJzY2hlbWFfdmVyc2lvbiI6IjEifQ==",
          "dependencies": [
            "tls_private_key.key"
          ]
        }
      ]
    },
    {
      "mode": "managed",
      "type": "aws_lambda_function",
      "name": "lambda_dns",
      "provider": "provider[\"registry.terraform.io/hashicorp/aws\"]",
      "instances": [
        {
          "schema_version": 0,
          "attributes": {
            "arn": "arn:aws:lambda:us-east-1:469204214656:function:lambda_dns",
            "code_signing_config_arn": "",
            "dead_letter_config": [],
            "description": "",
            "environment": [],
            "file_system_config": [],
            "filename": "./lambda_dns.zip",
            "function_name": "lambda_dns",
            "handler": "lambda_function.lambda_handler",
            "id": "lambda_dns",
            "image_config": [],
            "image_uri": "",
            "invoke_arn": "arn:aws:apigateway:us-east-1:lambda:path/2015-03-31/functions/arn:aws:lambda:us-east-1:469204214656:function:lambda_dns/invocations",
            "kms_key_arn": "",
            "last_modified": "2021-09-26T09:00:55.934+0000",
            "layers": null,
            "memory_size": 128,
            "package_type": "Zip",
            "publish": false,
            "qualified_arn": "arn:aws:lambda:us-east-1:469204214656:function:lambda_dns:$LATEST",
            "reserved_concurrent_executions": -1,
            "role": "arn:aws:iam::469204214656:role/iam_for_lambda_dns",
            "runtime": "python3.9",
            "s3_bucket": null,
            "s3_key": null,
            "s3_object_version": null,
            "signing_job_arn": "",
            "signing_profile_version_arn": "",
            "source_code_hash": "gwR7ATqWGJg/MKW5DAoR9objR0FC0+Djh93Ds3QYvaY=",
            "source_code_size": 1104,
            "tags": null,
            "tags_all": {},
            "timeout": 3,
            "timeouts": null,
            "tracing_config": [
              {
                "mode": "PassThrough"
              }
            ],
            "version": "$LATEST",
            "vpc_config": []
          },
          "sensitive_attributes": [],
          "private": "eyJlMmJmYjczMC1lY2FhLTExZTYtOGY4OC0zNDM2M2JjN2M0YzAiOnsiY3JlYXRlIjo2MDAwMDAwMDAwMDB9fQ==",
          "dependencies": [
            "aws_iam_role.iam_for_lambda_dns"
          ]
        }
      ]
    },
    {
      "mode": "managed",
      "type": "aws_lambda_function",
      "name": "lambda_ebs_tags",
      "provider": "provider[\"registry.terraform.io/hashicorp/aws\"]",
      "instances": [
        {
          "schema_version": 0,
          "attributes": {
            "arn": "arn:aws:lambda:us-east-1:469204214656:function:lambda_ebs_tags",
            "code_signing_config_arn": "",
            "dead_letter_config": [],
            "description": "",
            "environment": [],
            "file_system_config": [],
            "filename": "./lambda_ebs_tags.zip",
            "function_name": "lambda_ebs_tags",
            "handler": "lambda_function.lambda_handler",
            "id": "lambda_ebs_tags",
            "image_config": [],
            "image_uri": "",
            "invoke_arn": "arn:aws:apigateway:us-east-1:lambda:path/2015-03-31/functions/arn:aws:lambda:us-east-1:469204214656:function:lambda_ebs_tags/invocations",
            "kms_key_arn": "",
            "last_modified": "2021-09-26T09:00:48.173+0000",
            "layers": null,
            "memory_size": 128,
            "package_type": "Zip",
            "publish": false,
            "qualified_arn": "arn:aws:lambda:us-east-1:469204214656:function:lambda_ebs_tags:$LATEST",
            "reserved_concurrent_executions": -1,
            "role": "arn:aws:iam::469204214656:role/iam_for_lambda_ebs_tags",
            "runtime": "python3.9",
            "s3_bucket": null,
            "s3_key": null,
            "s3_object_version": null,
            "signing_job_arn": "",
            "signing_profile_version_arn": "",
            "source_code_hash": "21yfw0XkOzG/Cgmc40GZOmWlPLxGGcChdUQWVRPBj48=",
            "source_code_size": 621,
            "tags": null,
            "tags_all": {},
            "timeout": 3,
            "timeouts": null,
            "tracing_config": [
              {
                "mode": "PassThrough"
              }
            ],
            "version": "$LATEST",
            "vpc_config": []
          },
          "sensitive_attributes": [],
          "private": "eyJlMmJmYjczMC1lY2FhLTExZTYtOGY4OC0zNDM2M2JjN2M0YzAiOnsiY3JlYXRlIjo2MDAwMDAwMDAwMDB9fQ==",
          "dependencies": [
            "aws_iam_role.iam_for_lambda_ebs_tags"
          ]
        }
      ]
    },
    {
      "mode": "managed",
      "type": "aws_launch_template",
      "name": "my_teamplate",
      "provider": "provider[\"registry.terraform.io/hashicorp/aws\"]",
      "instances": [
        {
          "schema_version": 0,
          "attributes": {
            "arn": "arn:aws:ec2:us-east-1:469204214656:launch-template/lt-007d97277d93be576",
            "block_device_mappings": [],
            "capacity_reservation_specification": [],
            "cpu_options": [],
            "credit_specification": [],
            "default_version": 1,
            "description": "",
            "disable_api_termination": false,
            "ebs_optimized": "",
            "elastic_gpu_specifications": [],
            "elastic_inference_accelerator": [],
            "enclave_options": [],
            "hibernation_options": [],
            "iam_instance_profile": [
              {
                "arn": "",
                "name": "ec2_s3"
              }
            ],
            "id": "lt-007d97277d93be576",
            "image_id": "ami-087c17d1fe0178315",
            "instance_initiated_shutdown_behavior": "",
            "instance_market_options": [],
            "instance_type": "t2.micro",
            "kernel_id": "",
            "key_name": "my-key",
            "latest_version": 1,
            "license_specification": [],
            "metadata_options": [],
            "monitoring": [],
            "name": "my_nginx_teamplate",
            "name_prefix": "",
            "network_interfaces": [],
            "placement": [],
            "ram_disk_id": "",
            "security_group_names": null,
            "tag_specifications": [
              {
                "resource_type": "instance",
                "tags": {
                  "Name": "fromALB",
                  "environment": "BASTION_ENV",
                  "owner": "ME",
                  "project": "ALB"
                }
              },
              {
                "resource_type": "volume",
                "tags": {
                  "environment": "BASTION_ENV",
                  "owner": "ME",
                  "project": "ALB"
                }
              }
            ],
            "tags": null,
            "tags_all": {},
            "update_default_version": true,
            "user_data": "IyEgL2Jpbi9iYXNoDQpzdWRvIGFtYXpvbi1saW51eC1leHRyYXMgaW5zdGFsbCAteSBuZ2lueDENCnN1ZG8gc3lzdGVtY3RsIHN0YXJ0IG5naW54LnNlcnZpY2UNCmVjaG8gLWUgJ3VzZXIgbmdpbng7XG4gd29ya2VyX3Byb2Nlc3NlcyBhdXRvO1xuIGVycm9yX2xvZyAvdmFyL2xvZy9uZ2lueC9lcnJvci5sb2c7XG4gcGlkIC9ydW4vbmdpbngucGlkO1xuIGluY2x1ZGUgL3Vzci9zaGFyZS9uZ2lueC9tb2R1bGVzLyouY29uZjtcbiBldmVudHMge1xuIHdvcmtlcl9jb25uZWN0aW9ucyAxMDI0O1xuIH1cbiBodHRwIHtcbiBsb2dfZm9ybWF0ICBtYWluICAnJHJlbW90ZV9hZGRyIC0gJHJlbW90ZV91c2VyIFskdGltZV9sb2NhbF0gIiRyZXF1ZXN0IiAnXG4gJyRzdGF0dXMgJGJvZHlfYnl0ZXNfc2VudCAiJGh0dHBfcmVmZXJlciIgJ1xuICciJGh0dHBfdXNlcl9hZ2VudCIgIiRodHRwX3hfZm9yd2FyZGVkX2ZvciInO1xuIGFjY2Vzc19sb2cgIC92YXIvbG9nL25naW54L2FjY2Vzcy5sb2cgIG1haW47XG4gc2VuZGZpbGUgb247XG4gdGNwX25vcHVzaCBvbjtcbiB0Y3Bfbm9kZWxheSBvbjtcbiBrZWVwYWxpdmVfdGltZW91dCA2NTtcbiB0eXBlc19oYXNoX21heF9zaXplIDQwOTY7XG4gaW5jbHVkZSAvZXRjL25naW54L21pbWUudHlwZXM7XG4gZGVmYXVsdF90eXBlIGFwcGxpY2F0aW9uL29jdGV0LXN0cmVhbTtcbiBpbmNsdWRlIC9ldGMvbmdpbngvY29uZi5kLyouY29uZjtcbiBzZXJ2ZXIge1xuIGxpc3RlbiA4ODg4O1xuIHNlcnZlcl9uYW1lICBfO1xuIHJvb3QgL3Vzci9zaGFyZS9uZ2lueC9odG1sO1xuIGluY2x1ZGUgL2V0Yy9uZ2lueC9kZWZhdWx0LmQvKi5jb25mO1xuIGVycm9yX3BhZ2UgNDA0IC80MDQuaHRtbDtcbiBsb2NhdGlvbiA9IC80MDQuaHRtbCB7XG4gfVxuIGVycm9yX3BhZ2UgNTAwIDUwMiA1MDMgNTA0IC81MHguaHRtbDtcbiBsb2NhdGlvbiA9IC81MHguaHRtbCB7XG4gfVxuIH1cbiB9XG4gJyB8IHN1ZG8gdGVlIC9ldGMvbmdpbngvbmdpbnguY29uZg0KZXhwb3J0IE1ZX0lQPSQoY3VybCBodHRwOi8vMTY5LjI1NC4xNjkuMjU0L2xhdGVzdC9tZXRhLWRhdGEvbG9jYWwtaXB2NCkNCmV4cG9ydCBNWV9SRUdJT049JChjdXJsIGh0dHA6Ly8xNjkuMjU0LjE2OS4yNTQvbGF0ZXN0L21ldGEtZGF0YS9wbGFjZW1lbnQvcmVnaW9uKQ0KZXhwb3J0IE1ZX0FaPSQoY3VybCBodHRwOi8vMTY5LjI1NC4xNjkuMjU0L2xhdGVzdC9tZXRhLWRhdGEvcGxhY2VtZW50L2F2YWlsYWJpbGl0eS16b25lKQ0KZWNobyAtZSAiPGNlbnRlcj48aDI+SVA6ICRNWV9JUDwvaDI+PGJyPjxoMj5SRUdJT046ICRNWV9SRUdJT048L2gyPjxicj48aDI+QVo6ICRNWV9BWjwvaDI+PC9jZW50ZXI+IiB8IHN1ZG8gdGVlIC91c3Ivc2hhcmUvbmdpbngvaHRtbC9pbmRleC5odG1sDQpzdWRvIHVzZXJhZGQgLW0gLUcgYWRtIC1zIC9iaW4vYmFzaCB0ZWFjaGVyDQpzdWRvIG1rZGlyIC9ob21lL3RlYWNoZXIvLnNzaA0KZWNobyAnc3NoLXJzYSBBQUFBQjNOemFDMXljMkVBQUFBREFRQUJBQUFCZ1FDa0JJRXNmSkQ2ZDBKNHRxVG5WcTR6M1ZlMGJvcDcxYisyN2o3NWduY1JzTGRBb2tpVXFHeXQxZm12UytWa29CV3hPRmlBT3NmZFNkVHdKV3lHczBrcGxab3VPaDkzY1JjLzltcDE2bU5jUjVCODYrT1JMck1aQ3EzWkdWajJGM1lqdG9lSzRiK1J2RXRwUm1KYUMvbm85eWpUZURUbkJZVnNWK3ZRdnhpYWFlTHprYlBSaGQwT3ZsYXlvei9nWHFJNERPQ2FRVGZJU0h4RzdYK05MZnBXUjZMc2ZhSFlLRy81V21hQTNMT25ZQXFWK1M3bnEyV1FWUTJaNWJ6cEpDOXM9IGFuZHJleUBNQlAtQW5kcmV5JyB8IHN1ZG8gdGVlIC9ob21lL3RlYWNoZXIvLnNzaC9hdXRob3JpemVkX2tleXMNCnN1ZG8gc3lzdGVtY3RsIHJlbG9hZCBuZ2lueC5zZXJ2aWNlDQpzdWRvIHN5c3RlbWN0bCBlbmFibGUgbmdpbnguc2VydmljZQ0K",
            "vpc_security_group_ids": [
              "sg-00fe3385467f7042d"
            ]
          },
          "sensitive_attributes": [],
          "private": "bnVsbA==",
          "dependencies": [
            "aws_iam_role.ec2_s3",
            "aws_key_pair.key_pair",
            "aws_security_group.rule_for_private_two",
            "aws_vpc.vpc_two",
            "tls_private_key.key"
          ]
        }
      ]
    },
    {
      "mode": "managed",
      "type": "aws_route",
      "name": "one_vpc_2_two_vpc",
      "provider": "provider[\"registry.terraform.io/hashicorp/aws\"]",
      "instances": [
        {
          "schema_version": 0,
          "attributes": {
            "carrier_gateway_id": "",
            "destination_cidr_block": "10.10.100.0/22",
            "destination_ipv6_cidr_block": "",
            "destination_prefix_list_id": "",
            "egress_only_gateway_id": "",
            "gateway_id": "",
            "id": "r-rtb-0f9329701ca5b66282804804333",
            "instance_id": "",
            "instance_owner_id": "",
            "local_gateway_id": "",
            "nat_gateway_id": "",
            "network_interface_id": "",
            "origin": "CreateRoute",
            "route_table_id": "rtb-0f9329701ca5b6628",
            "state": "active",
            "timeouts": null,
            "transit_gateway_id": "",
            "vpc_endpoint_id": "",
            "vpc_peering_connection_id": "pcx-05f65c0710c61f480"
          },
          "sensitive_attributes": [],
          "private": "eyJlMmJmYjczMC1lY2FhLTExZTYtOGY4OC0zNDM2M2JjN2M0YzAiOnsiY3JlYXRlIjoxMjAwMDAwMDAwMDAsImRlbGV0ZSI6MzAwMDAwMDAwMDAwfX0=",
          "dependencies": [
            "aws_vpc.vpc_one",
            "aws_vpc.vpc_two",
            "aws_vpc_peering_connection.one_vpc_2_two_vpc",
            "data.aws_caller_identity.current"
          ]
        }
      ]
    },
    {
      "mode": "managed",
      "type": "aws_route",
      "name": "route_one",
      "provider": "provider[\"registry.terraform.io/hashicorp/aws\"]",
      "instances": [
        {
          "schema_version": 0,
          "attributes": {
            "carrier_gateway_id": "",
            "destination_cidr_block": "0.0.0.0/0",
            "destination_ipv6_cidr_block": "",
            "destination_prefix_list_id": "",
            "egress_only_gateway_id": "",
            "gateway_id": "igw-06a797962e85cdc65",
            "id": "r-rtb-0f9329701ca5b66281080289494",
            "instance_id": "",
            "instance_owner_id": "",
            "local_gateway_id": "",
            "nat_gateway_id": "",
            "network_interface_id": "",
            "origin": "CreateRoute",
            "route_table_id": "rtb-0f9329701ca5b6628",
            "state": "active",
            "timeouts": null,
            "transit_gateway_id": "",
            "vpc_endpoint_id": "",
            "vpc_peering_connection_id": ""
          },
          "sensitive_attributes": [],
          "private": "eyJlMmJmYjczMC1lY2FhLTExZTYtOGY4OC0zNDM2M2JjN2M0YzAiOnsiY3JlYXRlIjoxMjAwMDAwMDAwMDAsImRlbGV0ZSI6MzAwMDAwMDAwMDAwfX0=",
          "dependencies": [
            "aws_internet_gateway.igw_one",
            "aws_vpc.vpc_one"
          ]
        }
      ]
    },
    {
      "mode": "managed",
      "type": "aws_route",
      "name": "route_two",
      "provider": "provider[\"registry.terraform.io/hashicorp/aws\"]",
      "instances": [
        {
          "schema_version": 0,
          "attributes": {
            "carrier_gateway_id": "",
            "destination_cidr_block": "0.0.0.0/0",
            "destination_ipv6_cidr_block": "",
            "destination_prefix_list_id": "",
            "egress_only_gateway_id": "",
            "gateway_id": "igw-0507a3aeb482b5371",
            "id": "r-rtb-0ca1ff9eef1d4f06a1080289494",
            "instance_id": "",
            "instance_owner_id": "",
            "local_gateway_id": "",
            "nat_gateway_id": "",
            "network_interface_id": "",
            "origin": "CreateRoute",
            "route_table_id": "rtb-0ca1ff9eef1d4f06a",
            "state": "active",
            "timeouts": null,
            "transit_gateway_id": "",
            "vpc_endpoint_id": "",
            "vpc_peering_connection_id": ""
          },
          "sensitive_attributes": [],
          "private": "eyJlMmJmYjczMC1lY2FhLTExZTYtOGY4OC0zNDM2M2JjN2M0YzAiOnsiY3JlYXRlIjoxMjAwMDAwMDAwMDAsImRlbGV0ZSI6MzAwMDAwMDAwMDAwfX0=",
          "dependencies": [
            "aws_internet_gateway.igw_two",
            "aws_vpc.vpc_two"
          ]
        }
      ]
    },
    {
      "mode": "managed",
      "type": "aws_route",
      "name": "two_vpc_2_one_vpc",
      "provider": "provider[\"registry.terraform.io/hashicorp/aws\"]",
      "instances": [
        {
          "schema_version": 0,
          "attributes": {
            "carrier_gateway_id": "",
            "destination_cidr_block": "10.10.8.0/22",
            "destination_ipv6_cidr_block": "",
            "destination_prefix_list_id": "",
            "egress_only_gateway_id": "",
            "gateway_id": "",
            "id": "r-rtb-0ca1ff9eef1d4f06a3739740542",
            "instance_id": "",
            "instance_owner_id": "",
            "local_gateway_id": "",
            "nat_gateway_id": "",
            "network_interface_id": "",
            "origin": "CreateRoute",
            "route_table_id": "rtb-0ca1ff9eef1d4f06a",
            "state": "active",
            "timeouts": null,
            "transit_gateway_id": "",
            "vpc_endpoint_id": "",
            "vpc_peering_connection_id": "pcx-05f65c0710c61f480"
          },
          "sensitive_attributes": [],
          "private": "eyJlMmJmYjczMC1lY2FhLTExZTYtOGY4OC0zNDM2M2JjN2M0YzAiOnsiY3JlYXRlIjoxMjAwMDAwMDAwMDAsImRlbGV0ZSI6MzAwMDAwMDAwMDAwfX0=",
          "dependencies": [
            "aws_vpc.vpc_one",
            "aws_vpc.vpc_two",
            "aws_vpc_peering_connection.one_vpc_2_two_vpc",
            "data.aws_caller_identity.current"
          ]
        }
      ]
    },
    {
      "mode": "managed",
      "type": "aws_route53_zone",
      "name": "myinternaldns",
      "provider": "provider[\"registry.terraform.io/hashicorp/aws\"]",
      "instances": [
        {
          "schema_version": 0,
          "attributes": {
            "arn": "arn:aws:route53:::hostedzone/Z079652823P410NZW46Q7",
            "comment": "Managed by Terraform",
            "delegation_set_id": "",
            "force_destroy": false,
            "id": "Z079652823P410NZW46Q7",
            "name": "myinternaldns.com",
            "name_servers": [
              "ns-0.awsdns-00.com.",
              "ns-1024.awsdns-00.org.",
              "ns-1536.awsdns-00.co.uk.",
              "ns-512.awsdns-00.net."
            ],
            "tags": null,
            "tags_all": {},
            "vpc": [
              {
                "vpc_id": "vpc-04a40d0266993e905",
                "vpc_region": "us-east-1"
              }
            ],
            "zone_id": "Z079652823P410NZW46Q7"
          },
          "sensitive_attributes": [],
          "private": "bnVsbA==",
          "dependencies": [
            "aws_vpc.vpc_one"
          ]
        }
      ]
    },
    {
      "mode": "managed",
      "type": "aws_route53_zone_association",
      "name": "vpc_two",
      "provider": "provider[\"registry.terraform.io/hashicorp/aws\"]",
      "instances": [
        {
          "schema_version": 0,
          "attributes": {
            "id": "Z079652823P410NZW46Q7:vpc-0ee2411591be6bcd8:us-east-1",
            "owning_account": "469204214656",
            "vpc_id": "vpc-0ee2411591be6bcd8",
            "vpc_region": "us-east-1",
            "zone_id": "Z079652823P410NZW46Q7"
          },
          "sensitive_attributes": [],
          "private": "bnVsbA==",
          "dependencies": [
            "aws_route53_zone.myinternaldns",
            "aws_vpc.vpc_one",
            "aws_vpc.vpc_two"
          ]
        }
      ]
    },
    {
      "mode": "managed",
      "type": "aws_s3_bucket",
      "name": "bucket",
      "provider": "provider[\"registry.terraform.io/hashicorp/aws\"]",
      "instances": [
        {
          "schema_version": 0,
          "attributes": {
            "acceleration_status": "",
            "acl": "private",
            "arn": "arn:aws:s3:::bucketfortestquantori",
            "bucket": "bucketfortestquantori",
            "bucket_domain_name": "bucketfortestquantori.s3.amazonaws.com",
            "bucket_prefix": null,
            "bucket_regional_domain_name": "bucketfortestquantori.s3.amazonaws.com",
            "cors_rule": [],
            "force_destroy": false,
            "grant": [],
            "hosted_zone_id": "Z3AQBSTGFYJSTF",
            "id": "bucketfortestquantori",
            "lifecycle_rule": [
              {
                "abort_incomplete_multipart_upload_days": 0,
                "enabled": true,
                "expiration": [
                  {
                    "date": "",
                    "days": 90,
                    "expired_object_delete_marker": false
                  }
                ],
                "id": "tf-s3-lifecycle-20210926090033544500000001",
                "noncurrent_version_expiration": [],
                "noncurrent_version_transition": [],
                "prefix": "",
                "tags": {
                  "Name": "My bucket"
                },
                "transition": [
                  {
                    "date": "",
                    "days": 30,
                    "storage_class": "STANDARD_IA"
                  }
                ]
              }
            ],
            "logging": [],
            "object_lock_configuration": [],
            "policy": null,
            "region": "us-east-1",
            "replication_configuration": [],
            "request_payer": "BucketOwner",
            "server_side_encryption_configuration": [],
            "tags": null,
            "tags_all": {},
            "versioning": [
              {
                "enabled": true,
                "mfa_delete": false
              }
            ],
            "website": [],
            "website_domain": null,
            "website_endpoint": null
          },
          "sensitive_attributes": [],
          "private": "bnVsbA=="
        }
      ]
    },
    {
      "mode": "managed",
      "type": "aws_s3_bucket_object",
      "name": "file",
      "provider": "provider[\"registry.terraform.io/hashicorp/aws\"]",
      "instances": [
        {
          "schema_version": 0,
          "attributes": {
            "acl": "private",
            "bucket": "bucketfortestquantori",
            "bucket_key_enabled": false,
            "cache_control": "",
            "content": null,
            "content_base64": null,
            "content_disposition": "",
            "content_encoding": "",
            "content_language": "",
            "content_type": "binary/octet-stream",
            "etag": "947fe0efa5155b1a22ddef9c35444c8c",
            "force_destroy": false,
            "id": "file.name.txt",
            "key": "file.name.txt",
            "kms_key_id": null,
            "metadata": null,
            "object_lock_legal_hold_status": "",
            "object_lock_mode": "",
            "object_lock_retain_until_date": "",
            "server_side_encryption": "",
            "source": "./for_s3.txt",
            "source_hash": null,
            "storage_class": "STANDARD",
            "tags": null,
            "tags_all": {},
            "version_id": "GfRJziSLkznO.fVC5nZnolExkwYSKCOW",
            "website_redirect": ""
          },
          "sensitive_attributes": [],
          "private": "bnVsbA==",
          "dependencies": [
            "aws_s3_bucket.bucket"
          ]
        }
      ]
    },
    {
      "mode": "managed",
      "type": "aws_security_group",
      "name": "allow_any-my_vpc_one",
      "provider": "provider[\"registry.terraform.io/hashicorp/aws\"]",
      "instances": [
        {
          "schema_version": 1,
          "attributes": {
            "arn": "arn:aws:ec2:us-east-1:469204214656:security-group/sg-008b1a3796d7d7090",
            "description": "allow any",
            "egress": [
              {
                "cidr_blocks": [
                  "0.0.0.0/0"
                ],
                "description": "any",
                "from_port": 0,
                "ipv6_cidr_blocks": [],
                "prefix_list_ids": [],
                "protocol": "-1",
                "security_groups": [],
                "self": false,
                "to_port": 0
              }
            ],
            "id": "sg-008b1a3796d7d7090",
            "ingress": [
              {
                "cidr_blocks": [
                  "0.0.0.0/0"
                ],
                "description": "any",
                "from_port": 0,
                "ipv6_cidr_blocks": [],
                "prefix_list_ids": [],
                "protocol": "-1",
                "security_groups": [],
                "self": false,
                "to_port": 0
              }
            ],
            "name": "allow_any",
            "name_prefix": "",
            "owner_id": "469204214656",
            "revoke_rules_on_delete": false,
            "tags": null,
            "tags_all": {},
            "timeouts": null,
            "vpc_id": "vpc-04a40d0266993e905"
          },
          "sensitive_attributes": [],
          "private": "eyJlMmJmYjczMC1lY2FhLTExZTYtOGY4OC0zNDM2M2JjN2M0YzAiOnsiY3JlYXRlIjo2MDAwMDAwMDAwMDAsImRlbGV0ZSI6OTAwMDAwMDAwMDAwfSwic2NoZW1hX3ZlcnNpb24iOiIxIn0=",
          "dependencies": [
            "aws_vpc.vpc_one"
          ]
        }
      ]
    },
    {
      "mode": "managed",
      "type": "aws_security_group",
      "name": "allow_any-my_vpc_two",
      "provider": "provider[\"registry.terraform.io/hashicorp/aws\"]",
      "instances": [
        {
          "schema_version": 1,
          "attributes": {
            "arn": "arn:aws:ec2:us-east-1:469204214656:security-group/sg-075f2d616035d4edb",
            "description": "allow any",
            "egress": [
              {
                "cidr_blocks": [
                  "0.0.0.0/0"
                ],
                "description": "any",
                "from_port": 0,
                "ipv6_cidr_blocks": [],
                "prefix_list_ids": [],
                "protocol": "-1",
                "security_groups": [],
                "self": false,
                "to_port": 0
              }
            ],
            "id": "sg-075f2d616035d4edb",
            "ingress": [
              {
                "cidr_blocks": [
                  "0.0.0.0/0"
                ],
                "description": "any",
                "from_port": 0,
                "ipv6_cidr_blocks": [],
                "prefix_list_ids": [],
                "protocol": "-1",
                "security_groups": [],
                "self": false,
                "to_port": 0
              }
            ],
            "name": "allow_any",
            "name_prefix": "",
            "owner_id": "469204214656",
            "revoke_rules_on_delete": false,
            "tags": null,
            "tags_all": {},
            "timeouts": null,
            "vpc_id": "vpc-0ee2411591be6bcd8"
          },
          "sensitive_attributes": [],
          "private": "eyJlMmJmYjczMC1lY2FhLTExZTYtOGY4OC0zNDM2M2JjN2M0YzAiOnsiY3JlYXRlIjo2MDAwMDAwMDAwMDAsImRlbGV0ZSI6OTAwMDAwMDAwMDAwfSwic2NoZW1hX3ZlcnNpb24iOiIxIn0=",
          "dependencies": [
            "aws_vpc.vpc_two"
          ]
        }
      ]
    },
    {
      "mode": "managed",
      "type": "aws_security_group",
      "name": "rule_for_private_one",
      "provider": "provider[\"registry.terraform.io/hashicorp/aws\"]",
      "instances": [
        {
          "schema_version": 1,
          "attributes": {
            "arn": "arn:aws:ec2:us-east-1:469204214656:security-group/sg-0bddf535a4e4bf243",
            "description": "ssh_bastion",
            "egress": [
              {
                "cidr_blocks": [
                  "0.0.0.0/0"
                ],
                "description": "any",
                "from_port": 0,
                "ipv6_cidr_blocks": [],
                "prefix_list_ids": [],
                "protocol": "-1",
                "security_groups": [],
                "self": false,
                "to_port": 0
              }
            ],
            "id": "sg-0bddf535a4e4bf243",
            "ingress": [
              {
                "cidr_blocks": [
                  "0.0.0.0/0"
                ],
                "description": "nginx",
                "from_port": 8888,
                "ipv6_cidr_blocks": [],
                "prefix_list_ids": [],
                "protocol": "tcp",
                "security_groups": [],
                "self": false,
                "to_port": 8888
              },
              {
                "cidr_blocks": [
                  "0.0.0.0/0"
                ],
                "description": "nginx",
                "from_port": 8888,
                "ipv6_cidr_blocks": [],
                "prefix_list_ids": [],
                "protocol": "udp",
                "security_groups": [],
                "self": false,
                "to_port": 8888
              },
              {
                "cidr_blocks": [
                  "10.10.8.0/24"
                ],
                "description": "ssh_bastion",
                "from_port": 22,
                "ipv6_cidr_blocks": [],
                "prefix_list_ids": [],
                "protocol": "tcp",
                "security_groups": [],
                "self": false,
                "to_port": 22
              }
            ],
            "name": "ssh_bastion",
            "name_prefix": "",
            "owner_id": "469204214656",
            "revoke_rules_on_delete": false,
            "tags": null,
            "tags_all": {},
            "timeouts": null,
            "vpc_id": "vpc-04a40d0266993e905"
          },
          "sensitive_attributes": [],
          "private": "eyJlMmJmYjczMC1lY2FhLTExZTYtOGY4OC0zNDM2M2JjN2M0YzAiOnsiY3JlYXRlIjo2MDAwMDAwMDAwMDAsImRlbGV0ZSI6OTAwMDAwMDAwMDAwfSwic2NoZW1hX3ZlcnNpb24iOiIxIn0=",
          "dependencies": [
            "aws_vpc.vpc_one"
          ]
        }
      ]
    },
    {
      "mode": "managed",
      "type": "aws_security_group",
      "name": "rule_for_private_two",
      "provider": "provider[\"registry.terraform.io/hashicorp/aws\"]",
      "instances": [
        {
          "schema_version": 1,
          "attributes": {
            "arn": "arn:aws:ec2:us-east-1:469204214656:security-group/sg-00fe3385467f7042d",
            "description": "ssh_bastion",
            "egress": [
              {
                "cidr_blocks": [
                  "0.0.0.0/0"
                ],
                "description": "any",
                "from_port": 0,
                "ipv6_cidr_blocks": [],
                "prefix_list_ids": [],
                "protocol": "-1",
                "security_groups": [],
                "self": false,
                "to_port": 0
              }
            ],
            "id": "sg-00fe3385467f7042d",
            "ingress": [
              {
                "cidr_blocks": [
                  "0.0.0.0/0"
                ],
                "description": "nginx",
                "from_port": 8888,
                "ipv6_cidr_blocks": [],
                "prefix_list_ids": [],
                "protocol": "tcp",
                "security_groups": [],
                "self": false,
                "to_port": 8888
              },
              {
                "cidr_blocks": [
                  "0.0.0.0/0"
                ],
                "description": "nginx",
                "from_port": 8888,
                "ipv6_cidr_blocks": [],
                "prefix_list_ids": [],
                "protocol": "udp",
                "security_groups": [],
                "self": false,
                "to_port": 8888
              },
              {
                "cidr_blocks": [
                  "10.10.8.0/24"
                ],
                "description": "ssh_bastion",
                "from_port": 22,
                "ipv6_cidr_blocks": [],
                "prefix_list_ids": [],
                "protocol": "tcp",
                "security_groups": [],
                "self": false,
                "to_port": 22
              }
            ],
            "name": "ssh_bastion",
            "name_prefix": "",
            "owner_id": "469204214656",
            "revoke_rules_on_delete": false,
            "tags": null,
            "tags_all": {},
            "timeouts": null,
            "vpc_id": "vpc-0ee2411591be6bcd8"
          },
          "sensitive_attributes": [],
          "private": "eyJlMmJmYjczMC1lY2FhLTExZTYtOGY4OC0zNDM2M2JjN2M0YzAiOnsiY3JlYXRlIjo2MDAwMDAwMDAwMDAsImRlbGV0ZSI6OTAwMDAwMDAwMDAwfSwic2NoZW1hX3ZlcnNpb24iOiIxIn0=",
          "dependencies": [
            "aws_vpc.vpc_two"
          ]
        }
      ]
    },
    {
      "mode": "managed",
      "type": "aws_subnet",
      "name": "subnet_2_one_private",
      "provider": "provider[\"registry.terraform.io/hashicorp/aws\"]",
      "instances": [
        {
          "schema_version": 1,
          "attributes": {
            "arn": "arn:aws:ec2:us-east-1:469204214656:subnet/subnet-0282f588813e90997",
            "assign_ipv6_address_on_creation": false,
            "availability_zone": "us-east-1c",
            "availability_zone_id": "use1-az6",
            "cidr_block": "10.10.11.0/24",
            "customer_owned_ipv4_pool": "",
            "id": "subnet-0282f588813e90997",
            "ipv6_cidr_block": "",
            "ipv6_cidr_block_association_id": "",
            "map_customer_owned_ip_on_launch": false,
            "map_public_ip_on_launch": false,
            "outpost_arn": "",
            "owner_id": "469204214656",
            "tags": null,
            "tags_all": {},
            "timeouts": null,
            "vpc_id": "vpc-04a40d0266993e905"
          },
          "sensitive_attributes": [],
          "private": "eyJlMmJmYjczMC1lY2FhLTExZTYtOGY4OC0zNDM2M2JjN2M0YzAiOnsiY3JlYXRlIjo2MDAwMDAwMDAwMDAsImRlbGV0ZSI6MTIwMDAwMDAwMDAwMH0sInNjaGVtYV92ZXJzaW9uIjoiMSJ9",
          "dependencies": [
            "aws_vpc.vpc_one"
          ]
        }
      ]
    },
    {
      "mode": "managed",
      "type": "aws_subnet",
      "name": "subnet_2_two_private",
      "provider": "provider[\"registry.terraform.io/hashicorp/aws\"]",
      "instances": [
        {
          "schema_version": 1,
          "attributes": {
            "arn": "arn:aws:ec2:us-east-1:469204214656:subnet/subnet-092e297d5b887bbb0",
            "assign_ipv6_address_on_creation": false,
            "availability_zone": "us-east-1c",
            "availability_zone_id": "use1-az6",
            "cidr_block": "10.10.102.0/24",
            "customer_owned_ipv4_pool": "",
            "id": "subnet-092e297d5b887bbb0",
            "ipv6_cidr_block": "",
            "ipv6_cidr_block_association_id": "",
            "map_customer_owned_ip_on_launch": false,
            "map_public_ip_on_launch": false,
            "outpost_arn": "",
            "owner_id": "469204214656",
            "tags": null,
            "tags_all": {},
            "timeouts": null,
            "vpc_id": "vpc-0ee2411591be6bcd8"
          },
          "sensitive_attributes": [],
          "private": "eyJlMmJmYjczMC1lY2FhLTExZTYtOGY4OC0zNDM2M2JjN2M0YzAiOnsiY3JlYXRlIjo2MDAwMDAwMDAwMDAsImRlbGV0ZSI6MTIwMDAwMDAwMDAwMH0sInNjaGVtYV92ZXJzaW9uIjoiMSJ9",
          "dependencies": [
            "aws_vpc.vpc_two"
          ]
        }
      ]
    },
    {
      "mode": "managed",
      "type": "aws_subnet",
      "name": "subnet_one_private",
      "provider": "provider[\"registry.terraform.io/hashicorp/aws\"]",
      "instances": [
        {
          "schema_version": 1,
          "attributes": {
            "arn": "arn:aws:ec2:us-east-1:469204214656:subnet/subnet-019d2d46b600b7b2e",
            "assign_ipv6_address_on_creation": false,
            "availability_zone": "us-east-1b",
            "availability_zone_id": "use1-az4",
            "cidr_block": "10.10.10.0/24",
            "customer_owned_ipv4_pool": "",
            "id": "subnet-019d2d46b600b7b2e",
            "ipv6_cidr_block": "",
            "ipv6_cidr_block_association_id": "",
            "map_customer_owned_ip_on_launch": false,
            "map_public_ip_on_launch": false,
            "outpost_arn": "",
            "owner_id": "469204214656",
            "tags": null,
            "tags_all": {},
            "timeouts": null,
            "vpc_id": "vpc-04a40d0266993e905"
          },
          "sensitive_attributes": [],
          "private": "eyJlMmJmYjczMC1lY2FhLTExZTYtOGY4OC0zNDM2M2JjN2M0YzAiOnsiY3JlYXRlIjo2MDAwMDAwMDAwMDAsImRlbGV0ZSI6MTIwMDAwMDAwMDAwMH0sInNjaGVtYV92ZXJzaW9uIjoiMSJ9",
          "dependencies": [
            "aws_vpc.vpc_one"
          ]
        }
      ]
    },
    {
      "mode": "managed",
      "type": "aws_subnet",
      "name": "subnet_one_public",
      "provider": "provider[\"registry.terraform.io/hashicorp/aws\"]",
      "instances": [
        {
          "schema_version": 1,
          "attributes": {
            "arn": "arn:aws:ec2:us-east-1:469204214656:subnet/subnet-0b3cf4c25cc744275",
            "assign_ipv6_address_on_creation": false,
            "availability_zone": "us-east-1a",
            "availability_zone_id": "use1-az2",
            "cidr_block": "10.10.8.0/24",
            "customer_owned_ipv4_pool": "",
            "id": "subnet-0b3cf4c25cc744275",
            "ipv6_cidr_block": "",
            "ipv6_cidr_block_association_id": "",
            "map_customer_owned_ip_on_launch": false,
            "map_public_ip_on_launch": true,
            "outpost_arn": "",
            "owner_id": "469204214656",
            "tags": null,
            "tags_all": {},
            "timeouts": null,
            "vpc_id": "vpc-04a40d0266993e905"
          },
          "sensitive_attributes": [],
          "private": "eyJlMmJmYjczMC1lY2FhLTExZTYtOGY4OC0zNDM2M2JjN2M0YzAiOnsiY3JlYXRlIjo2MDAwMDAwMDAwMDAsImRlbGV0ZSI6MTIwMDAwMDAwMDAwMH0sInNjaGVtYV92ZXJzaW9uIjoiMSJ9",
          "dependencies": [
            "aws_vpc.vpc_one"
          ]
        }
      ]
    },
    {
      "mode": "managed",
      "type": "aws_subnet",
      "name": "subnet_two_private",
      "provider": "provider[\"registry.terraform.io/hashicorp/aws\"]",
      "instances": [
        {
          "schema_version": 1,
          "attributes": {
            "arn": "arn:aws:ec2:us-east-1:469204214656:subnet/subnet-09568d98cd83ab071",
            "assign_ipv6_address_on_creation": false,
            "availability_zone": "us-east-1b",
            "availability_zone_id": "use1-az4",
            "cidr_block": "10.10.101.0/24",
            "customer_owned_ipv4_pool": "",
            "id": "subnet-09568d98cd83ab071",
            "ipv6_cidr_block": "",
            "ipv6_cidr_block_association_id": "",
            "map_customer_owned_ip_on_launch": false,
            "map_public_ip_on_launch": false,
            "outpost_arn": "",
            "owner_id": "469204214656",
            "tags": null,
            "tags_all": {},
            "timeouts": null,
            "vpc_id": "vpc-0ee2411591be6bcd8"
          },
          "sensitive_attributes": [],
          "private": "eyJlMmJmYjczMC1lY2FhLTExZTYtOGY4OC0zNDM2M2JjN2M0YzAiOnsiY3JlYXRlIjo2MDAwMDAwMDAwMDAsImRlbGV0ZSI6MTIwMDAwMDAwMDAwMH0sInNjaGVtYV92ZXJzaW9uIjoiMSJ9",
          "dependencies": [
            "aws_vpc.vpc_two"
          ]
        }
      ]
    },
    {
      "mode": "managed",
      "type": "aws_subnet",
      "name": "subnet_two_public",
      "provider": "provider[\"registry.terraform.io/hashicorp/aws\"]",
      "instances": [
        {
          "schema_version": 1,
          "attributes": {
            "arn": "arn:aws:ec2:us-east-1:469204214656:subnet/subnet-096838212b6918185",
            "assign_ipv6_address_on_creation": false,
            "availability_zone": "us-east-1a",
            "availability_zone_id": "use1-az2",
            "cidr_block": "10.10.100.0/24",
            "customer_owned_ipv4_pool": "",
            "id": "subnet-096838212b6918185",
            "ipv6_cidr_block": "",
            "ipv6_cidr_block_association_id": "",
            "map_customer_owned_ip_on_launch": false,
            "map_public_ip_on_launch": true,
            "outpost_arn": "",
            "owner_id": "469204214656",
            "tags": null,
            "tags_all": {},
            "timeouts": null,
            "vpc_id": "vpc-0ee2411591be6bcd8"
          },
          "sensitive_attributes": [],
          "private": "eyJlMmJmYjczMC1lY2FhLTExZTYtOGY4OC0zNDM2M2JjN2M0YzAiOnsiY3JlYXRlIjo2MDAwMDAwMDAwMDAsImRlbGV0ZSI6MTIwMDAwMDAwMDAwMH0sInNjaGVtYV92ZXJzaW9uIjoiMSJ9",
          "dependencies": [
            "aws_vpc.vpc_two"
          ]
        }
      ]
    },
    {
      "mode": "managed",
      "type": "aws_vpc",
      "name": "vpc_one",
      "provider": "provider[\"registry.terraform.io/hashicorp/aws\"]",
      "instances": [
        {
          "schema_version": 1,
          "attributes": {
            "arn": "arn:aws:ec2:us-east-1:469204214656:vpc/vpc-04a40d0266993e905",
            "assign_generated_ipv6_cidr_block": false,
            "cidr_block": "10.10.8.0/22",
            "default_network_acl_id": "acl-0a0eba93e3e3e666e",
            "default_route_table_id": "rtb-0f9329701ca5b6628",
            "default_security_group_id": "sg-055c9d01cea2b2d96",
            "dhcp_options_id": "dopt-8fb651f2",
            "enable_classiclink": false,
            "enable_classiclink_dns_support": false,
            "enable_dns_hostnames": false,
            "enable_dns_support": true,
            "id": "vpc-04a40d0266993e905",
            "instance_tenancy": "default",
            "ipv6_association_id": "",
            "ipv6_cidr_block": "",
            "main_route_table_id": "rtb-0f9329701ca5b6628",
            "owner_id": "469204214656",
            "tags": {
              "Name": "my_vpc_one"
            },
            "tags_all": {
              "Name": "my_vpc_one"
            }
          },
          "sensitive_attributes": [],
          "private": "eyJzY2hlbWFfdmVyc2lvbiI6IjEifQ=="
        }
      ]
    },
    {
      "mode": "managed",
      "type": "aws_vpc",
      "name": "vpc_two",
      "provider": "provider[\"registry.terraform.io/hashicorp/aws\"]",
      "instances": [
        {
          "schema_version": 1,
          "attributes": {
            "arn": "arn:aws:ec2:us-east-1:469204214656:vpc/vpc-0ee2411591be6bcd8",
            "assign_generated_ipv6_cidr_block": false,
            "cidr_block": "10.10.100.0/22",
            "default_network_acl_id": "acl-04b7411b89611b308",
            "default_route_table_id": "rtb-0ca1ff9eef1d4f06a",
            "default_security_group_id": "sg-091c6840298c8399d",
            "dhcp_options_id": "dopt-8fb651f2",
            "enable_classiclink": false,
            "enable_classiclink_dns_support": false,
            "enable_dns_hostnames": false,
            "enable_dns_support": true,
            "id": "vpc-0ee2411591be6bcd8",
            "instance_tenancy": "default",
            "ipv6_association_id": "",
            "ipv6_cidr_block": "",
            "main_route_table_id": "rtb-0ca1ff9eef1d4f06a",
            "owner_id": "469204214656",
            "tags": {
              "Name": "my_vpc_two"
            },
            "tags_all": {
              "Name": "my_vpc_two"
            }
          },
          "sensitive_attributes": [],
          "private": "eyJzY2hlbWFfdmVyc2lvbiI6IjEifQ=="
        }
      ]
    },
    {
      "mode": "managed",
      "type": "aws_vpc_endpoint",
      "name": "s3_for_distrib",
      "provider": "provider[\"registry.terraform.io/hashicorp/aws\"]",
      "instances": [
        {
          "schema_version": 0,
          "attributes": {
            "arn": "arn:aws:ec2:us-east-1:469204214656:vpc-endpoint/vpce-06f75802867e90afd",
            "auto_accept": null,
            "cidr_blocks": [
              "52.216.0.0/15",
              "54.231.0.0/16",
              "3.5.0.0/19"
            ],
            "dns_entry": [],
            "id": "vpce-06f75802867e90afd",
            "network_interface_ids": [],
            "owner_id": "469204214656",
            "policy": "{\"Statement\":[{\"Action\":\"*\",\"Effect\":\"Allow\",\"Principal\":\"*\",\"Resource\":\"*\"}],\"Version\":\"2008-10-17\"}",
            "prefix_list_id": "pl-63a5400a",
            "private_dns_enabled": false,
            "requester_managed": false,
            "route_table_ids": [],
            "security_group_ids": [],
            "service_name": "com.amazonaws.us-east-1.s3",
            "state": "available",
            "subnet_ids": [],
            "tags": null,
            "tags_all": {},
            "timeouts": null,
            "vpc_endpoint_type": "Gateway",
            "vpc_id": "vpc-0ee2411591be6bcd8"
          },
          "sensitive_attributes": [],
          "private": "eyJlMmJmYjczMC1lY2FhLTExZTYtOGY4OC0zNDM2M2JjN2M0YzAiOnsiY3JlYXRlIjo2MDAwMDAwMDAwMDAsImRlbGV0ZSI6NjAwMDAwMDAwMDAwLCJ1cGRhdGUiOjYwMDAwMDAwMDAwMH19",
          "dependencies": [
            "aws_vpc.vpc_two"
          ]
        }
      ]
    },
    {
      "mode": "managed",
      "type": "aws_vpc_endpoint_route_table_association",
      "name": "associate",
      "provider": "provider[\"registry.terraform.io/hashicorp/aws\"]",
      "instances": [
        {
          "schema_version": 0,
          "attributes": {
            "id": "a-vpce-06f75802867e90afd338634614",
            "route_table_id": "rtb-0ca1ff9eef1d4f06a",
            "vpc_endpoint_id": "vpce-06f75802867e90afd"
          },
          "sensitive_attributes": [],
          "private": "bnVsbA==",
          "dependencies": [
            "aws_vpc.vpc_two",
            "aws_vpc_endpoint.s3_for_distrib"
          ]
        }
      ]
    },
    {
      "mode": "managed",
      "type": "aws_vpc_peering_connection",
      "name": "one_vpc_2_two_vpc",
      "provider": "provider[\"registry.terraform.io/hashicorp/aws\"]",
      "instances": [
        {
          "schema_version": 0,
          "attributes": {
            "accept_status": "active",
            "accepter": [
              {
                "allow_classic_link_to_remote_vpc": false,
                "allow_remote_vpc_dns_resolution": false,
                "allow_vpc_to_remote_classic_link": false
              }
            ],
            "auto_accept": true,
            "id": "pcx-05f65c0710c61f480",
            "peer_owner_id": "469204214656",
            "peer_region": "us-east-1",
            "peer_vpc_id": "vpc-0ee2411591be6bcd8",
            "requester": [
              {
                "allow_classic_link_to_remote_vpc": false,
                "allow_remote_vpc_dns_resolution": false,
                "allow_vpc_to_remote_classic_link": false
              }
            ],
            "tags": null,
            "tags_all": {},
            "timeouts": null,
            "vpc_id": "vpc-04a40d0266993e905"
          },
          "sensitive_attributes": [],
          "private": "eyJlMmJmYjczMC1lY2FhLTExZTYtOGY4OC0zNDM2M2JjN2M0YzAiOnsiY3JlYXRlIjo2MDAwMDAwMDAwMCwiZGVsZXRlIjo2MDAwMDAwMDAwMCwidXBkYXRlIjo2MDAwMDAwMDAwMH19",
          "dependencies": [
            "aws_vpc.vpc_one",
            "aws_vpc.vpc_two",
            "data.aws_caller_identity.current"
          ]
        }
      ]
    },
    {
      "mode": "managed",
      "type": "local_file",
      "name": "private_key",
      "provider": "provider[\"registry.terraform.io/hashicorp/local\"]",
      "instances": [
        {
          "schema_version": 0,
          "attributes": {
            "content": null,
            "content_base64": null,
            "directory_permission": "0777",
            "file_permission": "0400",
            "filename": "my-key.pem",
            "id": "ee8ba522e6139adc76cebb805f366c07864abc8f",
            "sensitive_content": "-----BEGIN RSA PRIVATE KEY-----\nMIIEpQIBAAKCAQEAwXGp2n0ZEixyFvqkwUuYnKHNcRPaR3/xdEeX+63VaT91MWvU\nQseu/HwmpAAJKO23P6ioXhwxmR8ZO+pY9EriLeh2KOVcuuu7KHcyJfTVocU79c4f\nrjaD3knK+ZYpPQKvw6RMrLN5vvGwD3KkIX6TfnEslN5hJqnFNoRZ3H2QK27PI0/2\nKzPu+KEX2xwJyjyAH+88hqEKb/7A5cXWPuoWZraBDqQdmCE5/6y1reIcqvawKvTn\nuX+c+ImU7VN2TTwc7GANuJ8MnDlgr7zDiCpQxE6uMdJN/ulYKFOuwEObbELeQCrQ\nGBLEV5BE+nYFRWCASUXSLnApR/yxNNkanxc4vwIDAQABAoIBAQCCY+o4wt/2Vw0k\nHhiVzi31Tj8bfGVCkqQfW+6/D6JtSf/lqygtR0nVGJ43J2sFMo61kyrCHMD11Hd+\n4mzJZfxlM28KC+hgemryUL31xb2GSFstSZ4jIM3sNNNjPutXG4t8FTA1rNhgc6rY\nDs9BYH9s2D5Trj3QANlU8QtdSym1i9MJ795atc8F8auvVHt6wODrEQga1qIFq3QU\nDajGcxJuCXESr+WOVolPhlX0g74RvyG8klrSmP0SIgHlVXvsQBO8C5ZK3cUjXPFr\n/pSr/QzE+/fcfpgHLUG2NudcH0D5grP3F1SclEpqMuz+RSNmtjLV65uRyTfLocjS\nTdjm51NJAoGBAPXFz9TYcXQLUlor8eiayV9h8cR8lP5TPVAO0c3Ey6ra7ieIVmTJ\nkVYzytw07mUoMg5rBZ5V8G3n1iHQAaLzdQiepoj0DnHRBPN+8qEbKVu4sxSkC5nz\nFzDb7NsZSOsaDSqj39V4bNU7hKiS9AN4mxIN2dkN+9iumwiqi4jkH2bNAoGBAMl+\nZmdlCV4n1B+29r7LUb/1PEOToAJrzeVe/V68qNB6rpKDYg48xIAFcQhp9jYOaYkL\n+9SyySGdMSJkY5GcvBAW/9cx9wuSc9x+BXSUgUZCFWWjaZ5tBWIU3/t29Qyt9c64\nqgVZ1y/YGesDoMIGe0FpcDfYYC9adF5DdZzIeaW7AoGAdUVA6NeqMuvgDKShVhLd\neUS73rxvP3cqb1PS6jM31zuFnZlhV9ASKCaoajBbfCsUz2pjkOyCv35630FoNn+i\nXU2OOxTw+3/3s9PkI9lY/6n+0R+BZaDndOnLd7P15jBVDf6JpEtE6u3uW51bD3jx\nzUiMpRQWEosl8Jmn4Naw4RUCgYEAwCprsbpbl8+2b9TIOKiiO8fABNb7KLP19waD\n8GFPQx1t9s+Uqe1snogSCCs+pMlT/19NespUJlnLbXh+uXXYqiO1NmAxs3imRShv\nPYMQU5hc3cVeyrhBBQzRnPsTtFcIcnINvPK01q1r8oZQQBt8W6MaYjhba24CQ5Bk\nz/Umh1cCgYEA4xM8eMsYE2MJPiCKYfRMQizvb4z5P2TbLSqrrHPXUACMVFn835nw\nUeqFuXtGmXKE2qSkpQDBVKKVVEBSfF+Uhy4rrOYuvK6tM3EzqJGFYdlmtXgd0cym\nul6INtBJ8whhSvJ5RD7FRevMskQOLfm1w6KbKqGz7/L079Dtz8frC50=\n-----END RSA PRIVATE KEY-----\n",
            "source": null
          },
          "sensitive_attributes": [
            [
              {
                "type": "get_attr",
                "value": "sensitive_content"
              }
            ]
          ],
          "private": "bnVsbA==",
          "dependencies": [
            "tls_private_key.key"
          ]
        }
      ]
    },
    {
      "mode": "managed",
      "type": "tls_private_key",
      "name": "key",
      "provider": "provider[\"registry.terraform.io/hashicorp/tls\"]",
      "instances": [
        {
          "schema_version": 0,
          "attributes": {
            "algorithm": "RSA",
            "ecdsa_curve": "P224",
            "id": "f3f55994dea77e46d5b8f2c148f213e5bd287364",
            "private_key_pem": "-----BEGIN RSA PRIVATE KEY-----\nMIIEpQIBAAKCAQEAwXGp2n0ZEixyFvqkwUuYnKHNcRPaR3/xdEeX+63VaT91MWvU\nQseu/HwmpAAJKO23P6ioXhwxmR8ZO+pY9EriLeh2KOVcuuu7KHcyJfTVocU79c4f\nrjaD3knK+ZYpPQKvw6RMrLN5vvGwD3KkIX6TfnEslN5hJqnFNoRZ3H2QK27PI0/2\nKzPu+KEX2xwJyjyAH+88hqEKb/7A5cXWPuoWZraBDqQdmCE5/6y1reIcqvawKvTn\nuX+c+ImU7VN2TTwc7GANuJ8MnDlgr7zDiCpQxE6uMdJN/ulYKFOuwEObbELeQCrQ\nGBLEV5BE+nYFRWCASUXSLnApR/yxNNkanxc4vwIDAQABAoIBAQCCY+o4wt/2Vw0k\nHhiVzi31Tj8bfGVCkqQfW+6/D6JtSf/lqygtR0nVGJ43J2sFMo61kyrCHMD11Hd+\n4mzJZfxlM28KC+hgemryUL31xb2GSFstSZ4jIM3sNNNjPutXG4t8FTA1rNhgc6rY\nDs9BYH9s2D5Trj3QANlU8QtdSym1i9MJ795atc8F8auvVHt6wODrEQga1qIFq3QU\nDajGcxJuCXESr+WOVolPhlX0g74RvyG8klrSmP0SIgHlVXvsQBO8C5ZK3cUjXPFr\n/pSr/QzE+/fcfpgHLUG2NudcH0D5grP3F1SclEpqMuz+RSNmtjLV65uRyTfLocjS\nTdjm51NJAoGBAPXFz9TYcXQLUlor8eiayV9h8cR8lP5TPVAO0c3Ey6ra7ieIVmTJ\nkVYzytw07mUoMg5rBZ5V8G3n1iHQAaLzdQiepoj0DnHRBPN+8qEbKVu4sxSkC5nz\nFzDb7NsZSOsaDSqj39V4bNU7hKiS9AN4mxIN2dkN+9iumwiqi4jkH2bNAoGBAMl+\nZmdlCV4n1B+29r7LUb/1PEOToAJrzeVe/V68qNB6rpKDYg48xIAFcQhp9jYOaYkL\n+9SyySGdMSJkY5GcvBAW/9cx9wuSc9x+BXSUgUZCFWWjaZ5tBWIU3/t29Qyt9c64\nqgVZ1y/YGesDoMIGe0FpcDfYYC9adF5DdZzIeaW7AoGAdUVA6NeqMuvgDKShVhLd\neUS73rxvP3cqb1PS6jM31zuFnZlhV9ASKCaoajBbfCsUz2pjkOyCv35630FoNn+i\nXU2OOxTw+3/3s9PkI9lY/6n+0R+BZaDndOnLd7P15jBVDf6JpEtE6u3uW51bD3jx\nzUiMpRQWEosl8Jmn4Naw4RUCgYEAwCprsbpbl8+2b9TIOKiiO8fABNb7KLP19waD\n8GFPQx1t9s+Uqe1snogSCCs+pMlT/19NespUJlnLbXh+uXXYqiO1NmAxs3imRShv\nPYMQU5hc3cVeyrhBBQzRnPsTtFcIcnINvPK01q1r8oZQQBt8W6MaYjhba24CQ5Bk\nz/Umh1cCgYEA4xM8eMsYE2MJPiCKYfRMQizvb4z5P2TbLSqrrHPXUACMVFn835nw\nUeqFuXtGmXKE2qSkpQDBVKKVVEBSfF+Uhy4rrOYuvK6tM3EzqJGFYdlmtXgd0cym\nul6INtBJ8whhSvJ5RD7FRevMskQOLfm1w6KbKqGz7/L079Dtz8frC50=\n-----END RSA PRIVATE KEY-----\n",
            "public_key_fingerprint_md5": "86:3c:f0:4b:7d:b1:98:e5:22:41:04:dd:01:53:ae:61",
            "public_key_openssh": "ssh-rsa AAAAB3NzaC1yc2EAAAADAQABAAABAQDBcanafRkSLHIW+qTBS5icoc1xE9pHf/F0R5f7rdVpP3Uxa9RCx678fCakAAko7bc/qKheHDGZHxk76lj0SuIt6HYo5Vy667sodzIl9NWhxTv1zh+uNoPeScr5lik9Aq/DpEyss3m+8bAPcqQhfpN+cSyU3mEmqcU2hFncfZArbs8jT/YrM+74oRfbHAnKPIAf7zyGoQpv/sDlxdY+6hZmtoEOpB2YITn/rLWt4hyq9rAq9Oe5f5z4iZTtU3ZNPBzsYA24nwycOWCvvMOIKlDETq4x0k3+6VgoU67AQ5tsQt5AKtAYEsRXkET6dgVFYIBJRdIucClH/LE02RqfFzi/\n",
            "public_key_pem": "-----BEGIN PUBLIC KEY-----\nMIIBIjANBgkqhkiG9w0BAQEFAAOCAQ8AMIIBCgKCAQEAwXGp2n0ZEixyFvqkwUuY\nnKHNcRPaR3/xdEeX+63VaT91MWvUQseu/HwmpAAJKO23P6ioXhwxmR8ZO+pY9Eri\nLeh2KOVcuuu7KHcyJfTVocU79c4frjaD3knK+ZYpPQKvw6RMrLN5vvGwD3KkIX6T\nfnEslN5hJqnFNoRZ3H2QK27PI0/2KzPu+KEX2xwJyjyAH+88hqEKb/7A5cXWPuoW\nZraBDqQdmCE5/6y1reIcqvawKvTnuX+c+ImU7VN2TTwc7GANuJ8MnDlgr7zDiCpQ\nxE6uMdJN/ulYKFOuwEObbELeQCrQGBLEV5BE+nYFRWCASUXSLnApR/yxNNkanxc4\nvwIDAQAB\n-----END PUBLIC KEY-----\n",
            "rsa_bits": 2048
          },
          "sensitive_attributes": [],
          "private": "bnVsbA=="
        }
      ]
    }
  ]
}
